
Microsoft Visual Studio Solution File, Format Version 12.00
# Visual Studio 15
VisualStudioVersion = 15.0.27130.2027
MinimumVisualStudioVersion = 10.0.40219.1
Project("{9A19103F-16F7-4668-BE54-9A1E7A4F7556}") = "Utils.Core", "Utils.Core\Utils.Core.csproj", "{4669EF6E-E5F6-409C-9F8D-CB7562FE0AF0}"
EndProject
Project("{9A19103F-16F7-4668-BE54-9A1E7A4F7556}") = "Utils.Azure", "Utils.Azure\Utils.Azure.csproj", "{417A551C-73EE-4765-8B26-561DD27098F3}"
EndProject
Project("{9A19103F-16F7-4668-BE54-9A1E7A4F7556}") = "Utils.Tests", "Utils.Tests\Utils.Tests.csproj", "{810C0CE4-2629-4CCB-8FC7-9ABBFB2284E4}"
EndProject
Global
	GlobalSection(SolutionConfigurationPlatforms) = preSolution
		Debug|Any CPU = Debug|Any CPU
		Release|Any CPU = Release|Any CPU
	EndGlobalSection
	GlobalSection(ProjectConfigurationPlatforms) = postSolution
		{4669EF6E-E5F6-409C-9F8D-CB7562FE0AF0}.Debug|Any CPU.ActiveCfg = Debug|Any CPU
		{4669EF6E-E5F6-409C-9F8D-CB7562FE0AF0}.Debug|Any CPU.Build.0 = Debug|Any CPU
		{4669EF6E-E5F6-409C-9F8D-CB7562FE0AF0}.Release|Any CPU.ActiveCfg = Release|Any CPU
		{4669EF6E-E5F6-409C-9F8D-CB7562FE0AF0}.Release|Any CPU.Build.0 = Release|Any CPU
		{417A551C-73EE-4765-8B26-561DD27098F3}.Debug|Any CPU.ActiveCfg = Debug|Any CPU
		{417A551C-73EE-4765-8B26-561DD27098F3}.Debug|Any CPU.Build.0 = Debug|Any CPU
		{417A551C-73EE-4765-8B26-561DD27098F3}.Release|Any CPU.ActiveCfg = Release|Any CPU
		{417A551C-73EE-4765-8B26-561DD27098F3}.Release|Any CPU.Build.0 = Release|Any CPU
		{810C0CE4-2629-4CCB-8FC7-9ABBFB2284E4}.Debug|Any CPU.ActiveCfg = Debug|Any CPU
		{810C0CE4-2629-4CCB-8FC7-9ABBFB2284E4}.Debug|Any CPU.Build.0 = Debug|Any CPU
		{810C0CE4-2629-4CCB-8FC7-9ABBFB2284E4}.Release|Any CPU.ActiveCfg = Release|Any CPU
		{810C0CE4-2629-4CCB-8FC7-9ABBFB2284E4}.Release|Any CPU.Build.0 = Release|Any CPU
	EndGlobalSection
	GlobalSection(SolutionProperties) = preSolution
		HideSolutionNode = FALSE
	EndGlobalSection
	GlobalSection(ExtensibilityGlobals) = postSolution
		SolutionGuid = {04EBD4FC-93C5-4D96-BC7E-EF60C5801B11}
	EndGlobalSection
EndGlobal
